
Microsoft Visual Studio Solution File, Format Version 12.00
# Visual Studio Version 17
VisualStudioVersion = 17.14.36301.6 d17.14
MinimumVisualStudioVersion = 10.0.40219.1
Project("{FAE04EC0-301F-11D3-BF4B-00C04F79EFBC}") = "AutoNext.Plotform.Core.API", "AutoNext.Plotform.Core.API\AutoNext.Plotform.Core.API.csproj", "{F1989121-F2F4-47C2-87D5-7A6943860602}"
EndProject
Global
	GlobalSection(SolutionConfigurationPlatforms) = preSolution
		Debug|Any CPU = Debug|Any CPU
		Release|Any CPU = Release|Any CPU
	EndGlobalSection
	GlobalSection(ProjectConfigurationPlatforms) = postSolution
		{F1989121-F2F4-47C2-87D5-7A6943860602}.Debug|Any CPU.ActiveCfg = Debug|Any CPU
		{F1989121-F2F4-47C2-87D5-7A6943860602}.Debug|Any CPU.Build.0 = Debug|Any CPU
		{F1989121-F2F4-47C2-87D5-7A6943860602}.Release|Any CPU.ActiveCfg = Release|Any CPU
		{F1989121-F2F4-47C2-87D5-7A6943860602}.Release|Any CPU.Build.0 = Release|Any CPU
	EndGlobalSection
	GlobalSection(SolutionProperties) = preSolution
		HideSolutionNode = FALSE
	EndGlobalSection
	GlobalSection(ExtensibilityGlobals) = postSolution
		SolutionGuid = {4E6AB3F2-21A0-459F-8B56-3F8BA317C2BB}
	EndGlobalSection
EndGlobal
